
Microsoft Visual Studio Solution File, Format Version 12.00
# Visual Studio 15
VisualStudioVersion = 15.0.28307.271
MinimumVisualStudioVersion = 10.0.40219.1
Project("{FAE04EC0-301F-11D3-BF4B-00C04F79EFBC}") = "TareaHTMLHelper", "TareaHTMLHelper\TareaHTMLHelper.csproj", "{DEF804AC-3EE4-4688-97A8-024529844FF7}"
EndProject
Global
	GlobalSection(SolutionConfigurationPlatforms) = preSolution
		Debug|Any CPU = Debug|Any CPU
		Release|Any CPU = Release|Any CPU
	EndGlobalSection
	GlobalSection(ProjectConfigurationPlatforms) = postSolution
		{DEF804AC-3EE4-4688-97A8-024529844FF7}.Debug|Any CPU.ActiveCfg = Debug|Any CPU
		{DEF804AC-3EE4-4688-97A8-024529844FF7}.Debug|Any CPU.Build.0 = Debug|Any CPU
		{DEF804AC-3EE4-4688-97A8-024529844FF7}.Release|Any CPU.ActiveCfg = Release|Any CPU
		{DEF804AC-3EE4-4688-97A8-024529844FF7}.Release|Any CPU.Build.0 = Release|Any CPU
	EndGlobalSection
	GlobalSection(SolutionProperties) = preSolution
		HideSolutionNode = FALSE
	EndGlobalSection
	GlobalSection(ExtensibilityGlobals) = postSolution
		SolutionGuid = {019C321D-01C5-4522-A06B-38F0D0693933}
	EndGlobalSection
EndGlobal
